
Microsoft Visual Studio Solution File, Format Version 12.00
# Visual Studio 15
VisualStudioVersion = 15.0.28010.2026
MinimumVisualStudioVersion = 10.0.40219.1
Project("{FAE04EC0-301F-11D3-BF4B-00C04F79EFBC}") = "Parser", "Parser\Parser.csproj", "{3BB3CEF3-F6AF-42A8-B242-D9D6C588BB65}"
EndProject
Global
	GlobalSection(SolutionConfigurationPlatforms) = preSolution
		Debug|Any CPU = Debug|Any CPU
		Release|Any CPU = Release|Any CPU
	EndGlobalSection
	GlobalSection(ProjectConfigurationPlatforms) = postSolution
		{3BB3CEF3-F6AF-42A8-B242-D9D6C588BB65}.Debug|Any CPU.ActiveCfg = Debug|Any CPU
		{3BB3CEF3-F6AF-42A8-B242-D9D6C588BB65}.Debug|Any CPU.Build.0 = Debug|Any CPU
		{3BB3CEF3-F6AF-42A8-B242-D9D6C588BB65}.Release|Any CPU.ActiveCfg = Release|Any CPU
		{3BB3CEF3-F6AF-42A8-B242-D9D6C588BB65}.Release|Any CPU.Build.0 = Release|Any CPU
	EndGlobalSection
	GlobalSection(SolutionProperties) = preSolution
		HideSolutionNode = FALSE
	EndGlobalSection
	GlobalSection(ExtensibilityGlobals) = postSolution
		SolutionGuid = {FF1133A2-BBAC-46CD-99B2-B3EF15ADB2A0}
	EndGlobalSection
EndGlobal
